
Microsoft Visual Studio Solution File, Format Version 11.00
# Visual Studio 2010
Project("{FAE04EC0-301F-11D3-BF4B-00C04F79EFBC}") = "Assembly-CSharp", "Assembly-CSharp.csproj", "{84C65387-C0CC-82C5-4755-6F1B73475C4D}"
EndProject
Project("{FAE04EC0-301F-11D3-BF4B-00C04F79EFBC}") = "Assembly-CSharp-Editor", "Assembly-CSharp-Editor.csproj", "{3163D7B4-0822-5CF8-2FAB-CA8DD9AE9616}"
EndProject
Global
	GlobalSection(SolutionConfigurationPlatforms) = preSolution
		Debug|Any CPU = Debug|Any CPU
		Release|Any CPU = Release|Any CPU
	EndGlobalSection
	GlobalSection(ProjectConfigurationPlatforms) = postSolution
		{84C65387-C0CC-82C5-4755-6F1B73475C4D}.Debug|Any CPU.ActiveCfg = Debug|Any CPU
		{84C65387-C0CC-82C5-4755-6F1B73475C4D}.Debug|Any CPU.Build.0 = Debug|Any CPU
		{84C65387-C0CC-82C5-4755-6F1B73475C4D}.Release|Any CPU.ActiveCfg = Release|Any CPU
		{84C65387-C0CC-82C5-4755-6F1B73475C4D}.Release|Any CPU.Build.0 = Release|Any CPU
		{3163D7B4-0822-5CF8-2FAB-CA8DD9AE9616}.Debug|Any CPU.ActiveCfg = Debug|Any CPU
		{3163D7B4-0822-5CF8-2FAB-CA8DD9AE9616}.Debug|Any CPU.Build.0 = Debug|Any CPU
		{3163D7B4-0822-5CF8-2FAB-CA8DD9AE9616}.Release|Any CPU.ActiveCfg = Release|Any CPU
		{3163D7B4-0822-5CF8-2FAB-CA8DD9AE9616}.Release|Any CPU.Build.0 = Release|Any CPU
	EndGlobalSection
	GlobalSection(SolutionProperties) = preSolution
		HideSolutionNode = FALSE
	EndGlobalSection
EndGlobal
